
Microsoft Visual Studio Solution File, Format Version 12.00
# Visual Studio Version 17
VisualStudioVersion = 17.4.33213.308
MinimumVisualStudioVersion = 10.0.40219.1
Project("{FAE04EC0-301F-11D3-BF4B-00C04F79EFBC}") = "APIDemo2", "APIDemo2\APIDemo2.csproj", "{04A10F29-A34A-42FD-8863-4B608745B657}"
EndProject
Global
	GlobalSection(SolutionConfigurationPlatforms) = preSolution
		Debug|Any CPU = Debug|Any CPU
		Release|Any CPU = Release|Any CPU
	EndGlobalSection
	GlobalSection(ProjectConfigurationPlatforms) = postSolution
		{04A10F29-A34A-42FD-8863-4B608745B657}.Debug|Any CPU.ActiveCfg = Debug|Any CPU
		{04A10F29-A34A-42FD-8863-4B608745B657}.Debug|Any CPU.Build.0 = Debug|Any CPU
		{04A10F29-A34A-42FD-8863-4B608745B657}.Release|Any CPU.ActiveCfg = Release|Any CPU
		{04A10F29-A34A-42FD-8863-4B608745B657}.Release|Any CPU.Build.0 = Release|Any CPU
	EndGlobalSection
	GlobalSection(SolutionProperties) = preSolution
		HideSolutionNode = FALSE
	EndGlobalSection
	GlobalSection(ExtensibilityGlobals) = postSolution
		SolutionGuid = {13C0AA84-1AD9-4333-9AC2-A6B6C3307ED3}
	EndGlobalSection
EndGlobal
